
Microsoft Visual Studio Solution File, Format Version 12.00
# Visual Studio Version 17
VisualStudioVersion = 17.9.34728.123
MinimumVisualStudioVersion = 10.0.40219.1
Project("{9A19103F-16F7-4668-BE54-9A1E7A4F7556}") = "AdvertisingAgency", "AdvertisingAgency\AdvertisingAgency.csproj", "{6AC91F3F-E858-4E89-A0AA-3FC76E3001E6}"
EndProject
Project("{9A19103F-16F7-4668-BE54-9A1E7A4F7556}") = "AdvertisingAgency.Domain", "AdvertisingAgency.Domain\AdvertisingAgency.Domain.csproj", "{C47842C9-4E42-49ED-ABCC-D50EDA2A4D39}"
EndProject
Project("{FAE04EC0-301F-11D3-BF4B-00C04F79EFBC}") = "AdvertisingAgency.Infrastructure", "AdvertisingAgency.Infrastructure\AdvertisingAgency.Infrastructure.csproj", "{A9B859EC-B4EE-412A-A1C9-F878880D21EE}"
EndProject
Project("{FAE04EC0-301F-11D3-BF4B-00C04F79EFBC}") = "AdvertisingAgency.Application", "AdvertisingAgency.Application\AdvertisingAgency.Application.csproj", "{CC8CC47A-C579-4B08-89C6-5CE9768A055F}"
EndProject
Global
	GlobalSection(SolutionConfigurationPlatforms) = preSolution
		Debug|Any CPU = Debug|Any CPU
		Release|Any CPU = Release|Any CPU
	EndGlobalSection
	GlobalSection(ProjectConfigurationPlatforms) = postSolution
		{6AC91F3F-E858-4E89-A0AA-3FC76E3001E6}.Debug|Any CPU.ActiveCfg = Debug|Any CPU
		{6AC91F3F-E858-4E89-A0AA-3FC76E3001E6}.Debug|Any CPU.Build.0 = Debug|Any CPU
		{6AC91F3F-E858-4E89-A0AA-3FC76E3001E6}.Debug|Any CPU.Deploy.0 = Debug|Any CPU
		{6AC91F3F-E858-4E89-A0AA-3FC76E3001E6}.Release|Any CPU.ActiveCfg = Release|Any CPU
		{6AC91F3F-E858-4E89-A0AA-3FC76E3001E6}.Release|Any CPU.Build.0 = Release|Any CPU
		{6AC91F3F-E858-4E89-A0AA-3FC76E3001E6}.Release|Any CPU.Deploy.0 = Release|Any CPU
		{C47842C9-4E42-49ED-ABCC-D50EDA2A4D39}.Debug|Any CPU.ActiveCfg = Debug|Any CPU
		{C47842C9-4E42-49ED-ABCC-D50EDA2A4D39}.Debug|Any CPU.Build.0 = Debug|Any CPU
		{C47842C9-4E42-49ED-ABCC-D50EDA2A4D39}.Release|Any CPU.ActiveCfg = Release|Any CPU
		{C47842C9-4E42-49ED-ABCC-D50EDA2A4D39}.Release|Any CPU.Build.0 = Release|Any CPU
		{A9B859EC-B4EE-412A-A1C9-F878880D21EE}.Debug|Any CPU.ActiveCfg = Debug|Any CPU
		{A9B859EC-B4EE-412A-A1C9-F878880D21EE}.Debug|Any CPU.Build.0 = Debug|Any CPU
		{A9B859EC-B4EE-412A-A1C9-F878880D21EE}.Release|Any CPU.ActiveCfg = Release|Any CPU
		{A9B859EC-B4EE-412A-A1C9-F878880D21EE}.Release|Any CPU.Build.0 = Release|Any CPU
		{CC8CC47A-C579-4B08-89C6-5CE9768A055F}.Debug|Any CPU.ActiveCfg = Debug|Any CPU
		{CC8CC47A-C579-4B08-89C6-5CE9768A055F}.Debug|Any CPU.Build.0 = Debug|Any CPU
		{CC8CC47A-C579-4B08-89C6-5CE9768A055F}.Release|Any CPU.ActiveCfg = Release|Any CPU
		{CC8CC47A-C579-4B08-89C6-5CE9768A055F}.Release|Any CPU.Build.0 = Release|Any CPU
	EndGlobalSection
	GlobalSection(SolutionProperties) = preSolution
		HideSolutionNode = FALSE
	EndGlobalSection
	GlobalSection(ExtensibilityGlobals) = postSolution
		SolutionGuid = {DDB26569-D0B2-45AF-BB9F-C6EE0B32BE8E}
	EndGlobalSection
EndGlobal
